// !$*UTF8*$!
{
	archiveVersion = 1;
	classes = {
	};
	objectVersion = 46;
	objects = {

/* Begin PBXBuildFile section */
		18078B781AAF8C6F0071F67D /* main.m in Sources */ = {isa = PBXBuildFile; fileRef = 18078B771AAF8C6F0071F67D /* main.m */; };
		18078B7B1AAF8C6F0071F67D /* AppDelegate.m in Sources */ = {isa = PBXBuildFile; fileRef = 18078B7A1AAF8C6F0071F67D /* AppDelegate.m */; };
		18078B811AAF8C6F0071F67D /* ViewController.m in Sources */ = {isa = PBXBuildFile; fileRef = 18078B801AAF8C6F0071F67D /* ViewController.m */; };
		18078B841AAF8C6F0071F67D /* Main.storyboard in Resources */ = {isa = PBXBuildFile; fileRef = 18078B821AAF8C6F0071F67D /* Main.storyboard */; };
		18078B861AAF8C6F0071F67D /* Images.xcassets in Resources */ = {isa = PBXBuildFile; fileRef = 18078B851AAF8C6F0071F67D /* Images.xcassets */; };
		18078B891AAF8C6F0071F67D /* LaunchScreen.xib in Resources */ = {isa = PBXBuildFile; fileRef = 18078B871AAF8C6F0071F67D /* LaunchScreen.xib */; };
		18078B951AAF8C6F0071F67D /* twitterFollowersCDTests.m in Sources */ = {isa = PBXBuildFile; fileRef = 18078B941AAF8C6F0071F67D /* twitterFollowersCDTests.m */; };
		18078BA31AAF8CBB0071F67D /* FHSStream.m in Sources */ = {isa = PBXBuildFile; fileRef = 18078BA01AAF8CBB0071F67D /* FHSStream.m */; };
		18078BA41AAF8CBB0071F67D /* FHSTwitterEngine.m in Sources */ = {isa = PBXBuildFile; fileRef = 18078BA21AAF8CBB0071F67D /* FHSTwitterEngine.m */; };
		18A086981AB0B453001243CF /* FollowersViewController.m in Sources */ = {isa = PBXBuildFile; fileRef = 18A086961AB0B453001243CF /* FollowersViewController.m */; };
		18A0869E1AB0D7BD001243CF /* OTSPersistance.m in Sources */ = {isa = PBXBuildFile; fileRef = 18A0869D1AB0D7BD001243CF /* OTSPersistance.m */; };
		18A086A11AB0D97A001243CF /* MyDataModel.xcdatamodeld in Sources */ = {isa = PBXBuildFile; fileRef = 18A0869F1AB0D97A001243CF /* MyDataModel.xcdatamodeld */; };
/* End PBXBuildFile section */

/* Begin PBXContainerItemProxy section */
		18078B8F1AAF8C6F0071F67D /* PBXContainerItemProxy */ = {
			isa = PBXContainerItemProxy;
			containerPortal = 18078B6A1AAF8C6F0071F67D /* Project object */;
			proxyType = 1;
			remoteGlobalIDString = 18078B711AAF8C6F0071F67D;
			remoteInfo = twitterFollowersCD;
		};
/* End PBXContainerItemProxy section */

/* Begin PBXFileReference section */
		18078B721AAF8C6F0071F67D /* twitterFollowersCD.app */ = {isa = PBXFileReference; explicitFileType = wrapper.application; includeInIndex = 0; path = twitterFollowersCD.app; sourceTree = BUILT_PRODUCTS_DIR; };
		18078B761AAF8C6F0071F67D /* Info.plist */ = {isa = PBXFileReference; lastKnownFileType = text.plist.xml; path = Info.plist; sourceTree = "<group>"; };
		18078B771AAF8C6F0071F67D /* main.m */ = {isa = PBXFileReference; lastKnownFileType = sourcecode.c.objc; path = main.m; sourceTree = "<group>"; };
		18078B791AAF8C6F0071F67D /* AppDelegate.h */ = {isa = PBXFileReference; lastKnownFileType = sourcecode.c.h; path = AppDelegate.h; sourceTree = "<group>"; };
		18078B7A1AAF8C6F0071F67D /* AppDelegate.m */ = {isa = PBXFileReference; lastKnownFileType = sourcecode.c.objc; path = AppDelegate.m; sourceTree = "<group>"; };
		18078B7F1AAF8C6F0071F67D /* ViewController.h */ = {isa = PBXFileReference; lastKnownFileType = sourcecode.c.h; path = ViewController.h; sourceTree = "<group>"; };
		18078B801AAF8C6F0071F67D /* ViewController.m */ = {isa = PBXFileReference; lastKnownFileType = sourcecode.c.objc; path = ViewController.m; sourceTree = "<group>"; };
		18078B831AAF8C6F0071F67D /* Base */ = {isa = PBXFileReference; lastKnownFileType = file.storyboard; name = Base; path = Base.lproj/Main.storyboard; sourceTree = "<group>"; };
		18078B851AAF8C6F0071F67D /* Images.xcassets */ = {isa = PBXFileReference; lastKnownFileType = folder.assetcatalog; path = Images.xcassets; sourceTree = "<group>"; };
		18078B881AAF8C6F0071F67D /* Base */ = {isa = PBXFileReference; lastKnownFileType = file.xib; name = Base; path = Base.lproj/LaunchScreen.xib; sourceTree = "<group>"; };
		18078B8E1AAF8C6F0071F67D /* twitterFollowersCDTests.xctest */ = {isa = PBXFileReference; explicitFileType = wrapper.cfbundle; includeInIndex = 0; path = twitterFollowersCDTests.xctest; sourceTree = BUILT_PRODUCTS_DIR; };
		18078B931AAF8C6F0071F67D /* Info.plist */ = {isa = PBXFileReference; lastKnownFileType = text.plist.xml; path = Info.plist; sourceTree = "<group>"; };
		18078B941AAF8C6F0071F67D /* twitterFollowersCDTests.m */ = {isa = PBXFileReference; lastKnownFileType = sourcecode.c.objc; path = twitterFollowersCDTests.m; sourceTree = "<group>"; };
		18078B9F1AAF8CBB0071F67D /* FHSStream.h */ = {isa = PBXFileReference; fileEncoding = 4; lastKnownFileType = sourcecode.c.h; path = FHSStream.h; sourceTree = "<group>"; };
		18078BA01AAF8CBB0071F67D /* FHSStream.m */ = {isa = PBXFileReference; fileEncoding = 4; lastKnownFileType = sourcecode.c.objc; path = FHSStream.m; sourceTree = "<group>"; };
		18078BA11AAF8CBB0071F67D /* FHSTwitterEngine.h */ = {isa = PBXFileReference; fileEncoding = 4; lastKnownFileType = sourcecode.c.h; path = FHSTwitterEngine.h; sourceTree = "<group>"; };
		18078BA21AAF8CBB0071F67D /* FHSTwitterEngine.m */ = {isa = PBXFileReference; fileEncoding = 4; lastKnownFileType = sourcecode.c.objc; path = FHSTwitterEngine.m; sourceTree = "<group>"; };
		18A086951AB0B453001243CF /* FollowersViewController.h */ = {isa = PBXFileReference; fileEncoding = 4; lastKnownFileType = sourcecode.c.h; name = FollowersViewController.h; path = ../FollowersViewController.h; sourceTree = "<group>"; };
		18A086961AB0B453001243CF /* FollowersViewController.m */ = {isa = PBXFileReference; fileEncoding = 4; lastKnownFileType = sourcecode.c.objc; name = FollowersViewController.m; path = ../FollowersViewController.m; sourceTree = "<group>"; };
		18A0869C1AB0D7BD001243CF /* OTSPersistance.h */ = {isa = PBXFileReference; fileEncoding = 4; lastKnownFileType = sourcecode.c.h; path = OTSPersistance.h; sourceTree = "<group>"; };
		18A0869D1AB0D7BD001243CF /* OTSPersistance.m */ = {isa = PBXFileReference; fileEncoding = 4; lastKnownFileType = sourcecode.c.objc; path = OTSPersistance.m; sourceTree = "<group>"; };
		18A086A01AB0D97A001243CF /* MyDataModel.xcdatamodel */ = {isa = PBXFileReference; lastKnownFileType = wrapper.xcdatamodel; path = MyDataModel.xcdatamodel; sourceTree = "<group>"; };
/* End PBXFileReference section */

/* Begin PBXFrameworksBuildPhase section */
		18078B6F1AAF8C6F0071F67D /* Frameworks */ = {
			isa = PBXFrameworksBuildPhase;
			buildActionMask = 2147483647;
			files = (
			);
			runOnlyForDeploymentPostprocessing = 0;
		};
		18078B8B1AAF8C6F0071F67D /* Frameworks */ = {
			isa = PBXFrameworksBuildPhase;
			buildActionMask = 2147483647;
			files = (
			);
			runOnlyForDeploymentPostprocessing = 0;
		};
/* End PBXFrameworksBuildPhase section */

/* Begin PBXGroup section */
		18078B691AAF8C6F0071F67D = {
			isa = PBXGroup;
			children = (
				18078B9E1AAF8CBB0071F67D /* FHSTwitterEngine */,
				18078B741AAF8C6F0071F67D /* twitterFollowersCD */,
				18078B911AAF8C6F0071F67D /* twitterFollowersCDTests */,
				18078B731AAF8C6F0071F67D /* Products */,
			);
			sourceTree = "<group>";
		};
		18078B731AAF8C6F0071F67D /* Products */ = {
			isa = PBXGroup;
			children = (
				18078B721AAF8C6F0071F67D /* twitterFollowersCD.app */,
				18078B8E1AAF8C6F0071F67D /* twitterFollowersCDTests.xctest */,
			);
			name = Products;
			sourceTree = "<group>";
		};
		18078B741AAF8C6F0071F67D /* twitterFollowersCD */ = {
			isa = PBXGroup;
			children = (
				18078B791AAF8C6F0071F67D /* AppDelegate.h */,
				18078B7A1AAF8C6F0071F67D /* AppDelegate.m */,
				18A086951AB0B453001243CF /* FollowersViewController.h */,
				18A086961AB0B453001243CF /* FollowersViewController.m */,
				18A0869C1AB0D7BD001243CF /* OTSPersistance.h */,
				18A0869D1AB0D7BD001243CF /* OTSPersistance.m */,
				18078B7F1AAF8C6F0071F67D /* ViewController.h */,
				18078B801AAF8C6F0071F67D /* ViewController.m */,
				18078B821AAF8C6F0071F67D /* Main.storyboard */,
				18078B851AAF8C6F0071F67D /* Images.xcassets */,
				18078B871AAF8C6F0071F67D /* LaunchScreen.xib */,
				18078B751AAF8C6F0071F67D /* Supporting Files */,
				18A0869F1AB0D97A001243CF /* MyDataModel.xcdatamodeld */,
			);
			path = twitterFollowersCD;
			sourceTree = "<group>";
		};
		18078B751AAF8C6F0071F67D /* Supporting Files */ = {
			isa = PBXGroup;
			children = (
				18078B761AAF8C6F0071F67D /* Info.plist */,
				18078B771AAF8C6F0071F67D /* main.m */,
			);
			name = "Supporting Files";
			sourceTree = "<group>";
		};
		18078B911AAF8C6F0071F67D /* twitterFollowersCDTests */ = {
			isa = PBXGroup;
			children = (
				18078B941AAF8C6F0071F67D /* twitterFollowersCDTests.m */,
				18078B921AAF8C6F0071F67D /* Supporting Files */,
			);
			path = twitterFollowersCDTests;
			sourceTree = "<group>";
		};
		18078B921AAF8C6F0071F67D /* Supporting Files */ = {
			isa = PBXGroup;
			children = (
				18078B931AAF8C6F0071F67D /* Info.plist */,
			);
			name = "Supporting Files";
			sourceTree = "<group>";
		};
		18078B9E1AAF8CBB0071F67D /* FHSTwitterEngine */ = {
			isa = PBXGroup;
			children = (
				18078B9F1AAF8CBB0071F67D /* FHSStream.h */,
				18078BA01AAF8CBB0071F67D /* FHSStream.m */,
				18078BA11AAF8CBB0071F67D /* FHSTwitterEngine.h */,
				18078BA21AAF8CBB0071F67D /* FHSTwitterEngine.m */,
			);
			path = FHSTwitterEngine;
			sourceTree = "<group>";
		};
/* End PBXGroup section */

/* Begin PBXNativeTarget section */
		18078B711AAF8C6F0071F67D /* twitterFollowersCD */ = {
			isa = PBXNativeTarget;
			buildConfigurationList = 18078B981AAF8C6F0071F67D /* Build configuration list for PBXNativeTarget "twitterFollowersCD" */;
			buildPhases = (
				18078B6E1AAF8C6F0071F67D /* Sources */,
				18078B6F1AAF8C6F0071F67D /* Frameworks */,
				18078B701AAF8C6F0071F67D /* Resources */,
			);
			buildRules = (
			);
			dependencies = (
			);
			name = twitterFollowersCD;
			productName = twitterFollowersCD;
			productReference = 18078B721AAF8C6F0071F67D /* twitterFollowersCD.app */;
			productType = "com.apple.product-type.application";
		};
		18078B8D1AAF8C6F0071F67D /* twitterFollowersCDTests */ = {
			isa = PBXNativeTarget;
			buildConfigurationList = 18078B9B1AAF8C6F0071F67D /* Build configuration list for PBXNativeTarget "twitterFollowersCDTests" */;
			buildPhases = (
				18078B8A1AAF8C6F0071F67D /* Sources */,
				18078B8B1AAF8C6F0071F67D /* Frameworks */,
				18078B8C1AAF8C6F0071F67D /* Resources */,
			);
			buildRules = (
			);
			dependencies = (
				18078B901AAF8C6F0071F67D /* PBXTargetDependency */,
			);
			name = twitterFollowersCDTests;
			productName = twitterFollowersCDTests;
			productReference = 18078B8E1AAF8C6F0071F67D /* twitterFollowersCDTests.xctest */;
			productType = "com.apple.product-type.bundle.unit-test";
		};
/* End PBXNativeTarget section */

/* Begin PBXProject section */
		18078B6A1AAF8C6F0071F67D /* Project object */ = {
			isa = PBXProject;
			attributes = {
				LastUpgradeCheck = 0610;
				ORGANIZATIONNAME = Globant;
				TargetAttributes = {
					18078B711AAF8C6F0071F67D = {
						CreatedOnToolsVersion = 6.1.1;
					};
					18078B8D1AAF8C6F0071F67D = {
						CreatedOnToolsVersion = 6.1.1;
						TestTargetID = 18078B711AAF8C6F0071F67D;
					};
				};
			};
			buildConfigurationList = 18078B6D1AAF8C6F0071F67D /* Build configuration list for PBXProject "twitterFollowersCD" */;
			compatibilityVersion = "Xcode 3.2";
			developmentRegion = English;
			hasScannedForEncodings = 0;
			knownRegions = (
				en,
				Base,
			);
			mainGroup = 18078B691AAF8C6F0071F67D;
			productRefGroup = 18078B731AAF8C6F0071F67D /* Products */;
			projectDirPath = "";
			projectRoot = "";
			targets = (
				18078B711AAF8C6F0071F67D /* twitterFollowersCD */,
				18078B8D1AAF8C6F0071F67D /* twitterFollowersCDTests */,
			);
		};
/* End PBXProject section */

/* Begin PBXResourcesBuildPhase section */
		18078B701AAF8C6F0071F67D /* Resources */ = {
			isa = PBXResourcesBuildPhase;
			buildActionMask = 2147483647;
			files = (
				18078B841AAF8C6F0071F67D /* Main.storyboard in Resources */,
				18078B891AAF8C6F0071F67D /* LaunchScreen.xib in Resources */,
				18078B861AAF8C6F0071F67D /* Images.xcassets in Resources */,
			);
			runOnlyForDeploymentPostprocessing = 0;
		};
		18078B8C1AAF8C6F0071F67D /* Resources */ = {
			isa = PBXResourcesBuildPhase;
			buildActionMask = 2147483647;
			files = (
			);
			runOnlyForDeploymentPostprocessing = 0;
		};
/* End PBXResourcesBuildPhase section */

/* Begin PBXSourcesBuildPhase section */
		18078B6E1AAF8C6F0071F67D /* Sources */ = {
			isa = PBXSourcesBuildPhase;
			buildActionMask = 2147483647;
			files = (
				18A086981AB0B453001243CF /* FollowersViewController.m in Sources */,
				18A086A11AB0D97A001243CF /* MyDataModel.xcdatamodeld in Sources */,
				18A0869E1AB0D7BD001243CF /* OTSPersistance.m in Sources */,
				18078BA41AAF8CBB0071F67D /* FHSTwitterEngine.m in Sources */,
				18078B7B1AAF8C6F0071F67D /* AppDelegate.m in Sources */,
				18078BA31AAF8CBB0071F67D /* FHSStream.m in Sources */,
				18078B811AAF8C6F0071F67D /* ViewController.m in Sources */,
				18078B781AAF8C6F0071F67D /* main.m in Sources */,
			);
			runOnlyForDeploymentPostprocessing = 0;
		};
		18078B8A1AAF8C6F0071F67D /* Sources */ = {
			isa = PBXSourcesBuildPhase;
			buildActionMask = 2147483647;
			files = (
				18078B951AAF8C6F0071F67D /* twitterFollowersCDTests.m in Sources */,
			);
			runOnlyForDeploymentPostprocessing = 0;
		};
/* End PBXSourcesBuildPhase section */

/* Begin PBXTargetDependency section */
		18078B901AAF8C6F0071F67D /* PBXTargetDependency */ = {
			isa = PBXTargetDependency;
			target = 18078B711AAF8C6F0071F67D /* twitterFollowersCD */;
			targetProxy = 18078B8F1AAF8C6F0071F67D /* PBXContainerItemProxy */;
		};
/* End PBXTargetDependency section */

/* Begin PBXVariantGroup section */
		18078B821AAF8C6F0071F67D /* Main.storyboard */ = {
			isa = PBXVariantGroup;
			children = (
				18078B831AAF8C6F0071F67D /* Base */,
			);
			name = Main.storyboard;
			sourceTree = "<group>";
		};
		18078B871AAF8C6F0071F67D /* LaunchScreen.xib */ = {
			isa = PBXVariantGroup;
			children = (
				18078B881AAF8C6F0071F67D /* Base */,
			);
			name = LaunchScreen.xib;
			sourceTree = "<group>";
		};
/* End PBXVariantGroup section */

/* Begin XCBuildConfiguration section */
		18078B961AAF8C6F0071F67D /* Debug */ = {
			isa = XCBuildConfiguration;
			buildSettings = {
				ALWAYS_SEARCH_USER_PATHS = NO;
				CLANG_CXX_LANGUAGE_STANDARD = "gnu++0x";
				CLANG_CXX_LIBRARY = "libc++";
				CLANG_ENABLE_MODULES = YES;
				CLANG_ENABLE_OBJC_ARC = YES;
				CLANG_WARN_BOOL_CONVERSION = YES;
				CLANG_WARN_CONSTANT_CONVERSION = YES;
				CLANG_WARN_DIRECT_OBJC_ISA_USAGE = YES_ERROR;
				CLANG_WARN_EMPTY_BODY = YES;
				CLANG_WARN_ENUM_CONVERSION = YES;
				CLANG_WARN_INT_CONVERSION = YES;
				CLANG_WARN_OBJC_ROOT_CLASS = YES_ERROR;
				CLANG_WARN_UNREACHABLE_CODE = YES;
				CLANG_WARN__DUPLICATE_METHOD_MATCH = YES;
				"CODE_SIGN_IDENTITY[sdk=iphoneos*]" = "iPhone Developer";
				COPY_PHASE_STRIP = NO;
				ENABLE_STRICT_OBJC_MSGSEND = YES;
				GCC_C_LANGUAGE_STANDARD = gnu99;
				GCC_DYNAMIC_NO_PIC = NO;
				GCC_OPTIMIZATION_LEVEL = 0;
				GCC_PREPROCESSOR_DEFINITIONS = (
					"DEBUG=1",
					"$(inherited)",
				);
				GCC_SYMBOLS_PRIVATE_EXTERN = NO;
				GCC_WARN_64_TO_32_BIT_CONVERSION = YES;
				GCC_WARN_ABOUT_RETURN_TYPE = YES_ERROR;
				GCC_WARN_UNDECLARED_SELECTOR = YES;
				GCC_WARN_UNINITIALIZED_AUTOS = YES_AGGRESSIVE;
				GCC_WARN_UNUSED_FUNCTION = YES;
				GCC_WARN_UNUSED_VARIABLE = YES;
				IPHONEOS_DEPLOYMENT_TARGET = 8.1;
				MTL_ENABLE_DEBUG_INFO = YES;
				ONLY_ACTIVE_ARCH = YES;
				SDKROOT = iphoneos;
			};
			name = Debug;
		};
		18078B971AAF8C6F0071F67D /* Release */ = {
			isa = XCBuildConfiguration;
			buildSettings = {
				ALWAYS_SEARCH_USER_PATHS = NO;
				CLANG_CXX_LANGUAGE_STANDARD = "gnu++0x";
				CLANG_CXX_LIBRARY = "libc++";
				CLANG_ENABLE_MODULES = YES;
				CLANG_ENABLE_OBJC_ARC = YES;
				CLANG_WARN_BOOL_CONVERSION = YES;
				CLANG_WARN_CONSTANT_CONVERSION = YES;
				CLANG_WARN_DIRECT_OBJC_ISA_USAGE = YES_ERROR;
				CLANG_WARN_EMPTY_BODY = YES;
				CLANG_WARN_ENUM_CONVERSION = YES;
				CLANG_WARN_INT_CONVERSION = YES;
				CLANG_WARN_OBJC_ROOT_CLASS = YES_ERROR;
				CLANG_WARN_UNREACHABLE_CODE = YES;
				CLANG_WARN__DUPLICATE_METHOD_MATCH = YES;
				"CODE_SIGN_IDENTITY[sdk=iphoneos*]" = "iPhone Developer";
				COPY_PHASE_STRIP = YES;
				ENABLE_NS_ASSERTIONS = NO;
				ENABLE_STRICT_OBJC_MSGSEND = YES;
				GCC_C_LANGUAGE_STANDARD = gnu99;
				GCC_WARN_64_TO_32_BIT_CONVERSION = YES;
				GCC_WARN_ABOUT_RETURN_TYPE = YES_ERROR;
				GCC_WARN_UNDECLARED_SELECTOR = YES;
				GCC_WARN_UNINITIALIZED_AUTOS = YES_AGGRESSIVE;
				GCC_WARN_UNUSED_FUNCTION = YES;
				GCC_WARN_UNUSED_VARIABLE = YES;
				IPHONEOS_DEPLOYMENT_TARGET = 8.1;
				MTL_ENABLE_DEBUG_INFO = NO;
				SDKROOT = iphoneos;
				VALIDATE_PRODUCT = YES;
			};
			name = Release;
		};
		18078B991AAF8C6F0071F67D /* Debug */ = {
			isa = XCBuildConfiguration;
			buildSettings = {
				ASSETCATALOG_COMPILER_APPICON_NAME = AppIcon;
				INFOPLIST_FILE = twitterFollowersCD/Info.plist;
				LD_RUNPATH_SEARCH_PATHS = "$(inherited) @executable_path/Frameworks";
				PRODUCT_NAME = "$(TARGET_NAME)";
			};
			name = Debug;
		};
		18078B9A1AAF8C6F0071F67D /* Release */ = {
			isa = XCBuildConfiguration;
			buildSettings = {
				ASSETCATALOG_COMPILER_APPICON_NAME = AppIcon;
				INFOPLIST_FILE = twitterFollowersCD/Info.plist;
				LD_RUNPATH_SEARCH_PATHS = "$(inherited) @executable_path/Frameworks";
				PRODUCT_NAME = "$(TARGET_NAME)";
			};
			name = Release;
		};
		18078B9C1AAF8C6F0071F67D /* Debug */ = {
			isa = XCBuildConfiguration;
			buildSettings = {
				BUNDLE_LOADER = "$(TEST_HOST)";
				FRAMEWORK_SEARCH_PATHS = (
					"$(SDKROOT)/Developer/Library/Frameworks",
					"$(inherited)",
				);
				GCC_PREPROCESSOR_DEFINITIONS = (
					"DEBUG=1",
					"$(inherited)",
				);
				INFOPLIST_FILE = twitterFollowersCDTests/Info.plist;
				LD_RUNPATH_SEARCH_PATHS = "$(inherited) @executable_path/Frameworks @loader_path/Frameworks";
				PRODUCT_NAME = "$(TARGET_NAME)";
				TEST_HOST = "$(BUILT_PRODUCTS_DIR)/twitterFollowersCD.app/twitterFollowersCD";
			};
			name = Debug;
		};
		18078B9D1AAF8C6F0071F67D /* Release */ = {
			isa = XCBuildConfiguration;
			buildSettings = {
				BUNDLE_LOADER = "$(TEST_HOST)";
				FRAMEWORK_SEARCH_PATHS = (
					"$(SDKROOT)/Developer/Library/Frameworks",
					"$(inherited)",
				);
				INFOPLIST_FILE = twitterFollowersCDTests/Info.plist;
				LD_RUNPATH_SEARCH_PATHS = "$(inherited) @executable_path/Frameworks @loader_path/Frameworks";
				PRODUCT_NAME = "$(TARGET_NAME)";
				TEST_HOST = "$(BUILT_PRODUCTS_DIR)/twitterFollowersCD.app/twitterFollowersCD";
			};
			name = Release;
		};
/* End XCBuildConfiguration section */

/* Begin XCConfigurationList section */
		18078B6D1AAF8C6F0071F67D /* Build configuration list for PBXProject "twitterFollowersCD" */ = {
			isa = XCConfigurationList;
			buildConfigurations = (
				18078B961AAF8C6F0071F67D /* Debug */,
				18078B971AAF8C6F0071F67D /* Release */,
			);
			defaultConfigurationIsVisible = 0;
			defaultConfigurationName = Release;
		};
		18078B981AAF8C6F0071F67D /* Build configuration list for PBXNativeTarget "twitterFollowersCD" */ = {
			isa = XCConfigurationList;
			buildConfigurations = (
				18078B991AAF8C6F0071F67D /* Debug */,
				18078B9A1AAF8C6F0071F67D /* Release */,
			);
			defaultConfigurationIsVisible = 0;
			defaultConfigurationName = Release;
		};
		18078B9B1AAF8C6F0071F67D /* Build configuration list for PBXNativeTarget "twitterFollowersCDTests" */ = {
			isa = XCConfigurationList;
			buildConfigurations = (
				18078B9C1AAF8C6F0071F67D /* Debug */,
				18078B9D1AAF8C6F0071F67D /* Release */,
			);
			defaultConfigurationIsVisible = 0;
			defaultConfigurationName = Release;
		};
/* End XCConfigurationList section */

/* Begin XCVersionGroup section */
		18A0869F1AB0D97A001243CF /* MyDataModel.xcdatamodeld */ = {
			isa = XCVersionGroup;
			children = (
				18A086A01AB0D97A001243CF /* MyDataModel.xcdatamodel */,
			);
			currentVersion = 18A086A01AB0D97A001243CF /* MyDataModel.xcdatamodel */;
			path = MyDataModel.xcdatamodeld;
			sourceTree = "<group>";
			versionGroupType = wrapper.xcdatamodel;
		};
/* End XCVersionGroup section */
	};
	rootObject = 18078B6A1AAF8C6F0071F67D /* Project object */;
}
